{
  "lockfileVersion": 1,
  "workspaces": {
    "": {
      "name": "p_solicitante",
      "dependencies": {
        "@acha/distribuidos": "../acha",
        "@inquirer/prompts": "^7.10.1",
        "@inquirer/search": "^3.2.2",
        "@inquirer/select": "^4.4.2",
        "chalk": "^5.6.2",
        "cli-table3": "^0.6.5",
        "commander": "^14.0.2",
        "dotenv": "^17.2.3",
        "figlet": "^1.9.4",
        "fs": "^0.0.1-security",
        "zeromq": "^6.5.0",
        "zod": "^4.1.12",
      },
      "devDependencies": {
        "@types/bun": "latest",
      },
      "peerDependencies": {
        "typescript": "^5.9.3",
      },
    },
  },
  "packages": {
    "@acha/distribuidos": ["@acha/distribuidos@file:../acha", { "dependencies": { "chalk": "^5.6.2", "figlet": "^1.9.4", "fs": "^0.0.1-security", "path": "^0.12.7", "zeromq": "^6.5.0", "zod": "^4.1.12" }, "devDependencies": { "@types/node": "^24.10.1" } }],

    "@colors/colors": ["@colors/colors@1.5.0", "", {}, "sha512-ooWCrlZP11i8GImSjTHYHLkvFDP48nS4+204nGb1RiX/WXYHmJA2III9/e2DWVabCESdW7hBAEzHRqUn9OUVvQ=="],

    "@inquirer/ansi": ["@inquirer/ansi@1.0.2", "", {}, ""],

    "@inquirer/checkbox": ["@inquirer/checkbox@4.3.2", "", { "dependencies": { "@inquirer/ansi": "^1.0.2", "@inquirer/core": "^10.3.2", "@inquirer/figures": "^1.0.15", "@inquirer/type": "^3.0.10", "yoctocolors-cjs": "^2.1.3" }, "peerDependencies": { "@types/node": ">=18" } }, ""],

    "@inquirer/confirm": ["@inquirer/confirm@5.1.21", "", { "dependencies": { "@inquirer/core": "^10.3.2", "@inquirer/type": "^3.0.10" }, "peerDependencies": { "@types/node": ">=18" } }, ""],

    "@inquirer/core": ["@inquirer/core@10.3.2", "", { "dependencies": { "@inquirer/ansi": "^1.0.2", "@inquirer/figures": "^1.0.15", "@inquirer/type": "^3.0.10", "cli-width": "^4.1.0", "mute-stream": "^2.0.0", "signal-exit": "^4.1.0", "wrap-ansi": "^6.2.0", "yoctocolors-cjs": "^2.1.3" }, "peerDependencies": { "@types/node": ">=18" } }, ""],

    "@inquirer/editor": ["@inquirer/editor@4.2.23", "", { "dependencies": { "@inquirer/core": "^10.3.2", "@inquirer/external-editor": "^1.0.3", "@inquirer/type": "^3.0.10" }, "peerDependencies": { "@types/node": ">=18" } }, ""],

    "@inquirer/expand": ["@inquirer/expand@4.0.23", "", { "dependencies": { "@inquirer/core": "^10.3.2", "@inquirer/type": "^3.0.10", "yoctocolors-cjs": "^2.1.3" }, "peerDependencies": { "@types/node": ">=18" } }, ""],

    "@inquirer/external-editor": ["@inquirer/external-editor@1.0.3", "", { "dependencies": { "chardet": "^2.1.1", "iconv-lite": "^0.7.0" }, "peerDependencies": { "@types/node": ">=18" } }, ""],

    "@inquirer/figures": ["@inquirer/figures@1.0.15", "", {}, ""],

    "@inquirer/input": ["@inquirer/input@4.3.1", "", { "dependencies": { "@inquirer/core": "^10.3.2", "@inquirer/type": "^3.0.10" }, "peerDependencies": { "@types/node": ">=18" } }, ""],

    "@inquirer/number": ["@inquirer/number@3.0.23", "", { "dependencies": { "@inquirer/core": "^10.3.2", "@inquirer/type": "^3.0.10" }, "peerDependencies": { "@types/node": ">=18" } }, ""],

    "@inquirer/password": ["@inquirer/password@4.0.23", "", { "dependencies": { "@inquirer/ansi": "^1.0.2", "@inquirer/core": "^10.3.2", "@inquirer/type": "^3.0.10" }, "peerDependencies": { "@types/node": ">=18" } }, ""],

    "@inquirer/prompts": ["@inquirer/prompts@7.10.1", "", { "dependencies": { "@inquirer/checkbox": "^4.3.2", "@inquirer/confirm": "^5.1.21", "@inquirer/editor": "^4.2.23", "@inquirer/expand": "^4.0.23", "@inquirer/input": "^4.3.1", "@inquirer/number": "^3.0.23", "@inquirer/password": "^4.0.23", "@inquirer/rawlist": "^4.1.11", "@inquirer/search": "^3.2.2", "@inquirer/select": "^4.4.2" }, "peerDependencies": { "@types/node": ">=18" } }, ""],

    "@inquirer/rawlist": ["@inquirer/rawlist@4.1.11", "", { "dependencies": { "@inquirer/core": "^10.3.2", "@inquirer/type": "^3.0.10", "yoctocolors-cjs": "^2.1.3" }, "peerDependencies": { "@types/node": ">=18" } }, ""],

    "@inquirer/search": ["@inquirer/search@3.2.2", "", { "dependencies": { "@inquirer/core": "^10.3.2", "@inquirer/figures": "^1.0.15", "@inquirer/type": "^3.0.10", "yoctocolors-cjs": "^2.1.3" }, "peerDependencies": { "@types/node": ">=18" } }, ""],

    "@inquirer/select": ["@inquirer/select@4.4.2", "", { "dependencies": { "@inquirer/ansi": "^1.0.2", "@inquirer/core": "^10.3.2", "@inquirer/figures": "^1.0.15", "@inquirer/type": "^3.0.10", "yoctocolors-cjs": "^2.1.3" }, "peerDependencies": { "@types/node": ">=18" } }, ""],

    "@inquirer/type": ["@inquirer/type@3.0.10", "", { "peerDependencies": { "@types/node": ">=18" } }, ""],

    "@types/bun": ["@types/bun@1.3.2", "", { "dependencies": { "bun-types": "1.3.2" } }, "sha512-t15P7k5UIgHKkxwnMNkJbWlh/617rkDGEdSsDbu+qNHTaz9SKf7aC8fiIlUdD5RPpH6GEkP0cK7WlvmrEBRtWg=="],

    "@types/node": ["@types/node@24.10.1", "", { "dependencies": { "undici-types": "~7.16.0" } }, ""],

    "@types/react": ["@types/react@19.2.5", "", { "dependencies": { "csstype": "^3.0.2" } }, ""],

    "ansi-regex": ["ansi-regex@5.0.1", "", {}, ""],

    "ansi-styles": ["ansi-styles@4.3.0", "", { "dependencies": { "color-convert": "^2.0.1" } }, ""],

    "bun-types": ["bun-types@1.3.2", "", { "dependencies": { "@types/node": "*" }, "peerDependencies": { "@types/react": "^19" } }, ""],

    "chalk": ["chalk@5.6.2", "", {}, ""],

    "chardet": ["chardet@2.1.1", "", {}, ""],

    "cli-table3": ["cli-table3@0.6.5", "", { "dependencies": { "string-width": "^4.2.0" }, "optionalDependencies": { "@colors/colors": "1.5.0" } }, "sha512-+W/5efTR7y5HRD7gACw9yQjqMVvEMLBHmboM/kPWam+H+Hmyrgjh6YncVKK122YZkXrLudzTuAukUw9FnMf7IQ=="],

    "cli-width": ["cli-width@4.1.0", "", {}, ""],

    "cmake-ts": ["cmake-ts@1.0.2", "", { "bin": "build/main.js" }, ""],

    "color-convert": ["color-convert@2.0.1", "", { "dependencies": { "color-name": "~1.1.4" } }, ""],

    "color-name": ["color-name@1.1.4", "", {}, ""],

    "commander": ["commander@14.0.2", "", {}, ""],

    "csstype": ["csstype@3.2.3", "", {}, ""],

    "dotenv": ["dotenv@17.2.3", "", {}, ""],

    "emoji-regex": ["emoji-regex@8.0.0", "", {}, ""],

    "figlet": ["figlet@1.9.4", "", { "dependencies": { "commander": "^14.0.0" }, "bin": "bin/index.js" }, ""],

    "fs": ["fs@0.0.1-security", "", {}, ""],

    "iconv-lite": ["iconv-lite@0.7.0", "", { "dependencies": { "safer-buffer": ">= 2.1.2 < 3.0.0" } }, ""],

    "inherits": ["inherits@2.0.3", "", {}, "sha512-x00IRNXNy63jwGkJmzPigoySHbaqpNuzKbBOmzK+g2OdZpQ9w+sxCN+VSB3ja7IAge2OP2qpfxTjeNcyjmW1uw=="],

    "is-fullwidth-code-point": ["is-fullwidth-code-point@3.0.0", "", {}, ""],

    "mute-stream": ["mute-stream@2.0.0", "", {}, ""],

    "node-addon-api": ["node-addon-api@8.5.0", "", {}, ""],

    "path": ["path@0.12.7", "", { "dependencies": { "process": "^0.11.1", "util": "^0.10.3" } }, "sha512-aXXC6s+1w7otVF9UletFkFcDsJeO7lSZBPUQhtb5O0xJe8LtYhj/GxldoL09bBj9+ZmE2hNoHqQSFMN5fikh4Q=="],

    "process": ["process@0.11.10", "", {}, "sha512-cdGef/drWFoydD1JsMzuFf8100nZl+GT+yacc2bEced5f9Rjk4z+WtFUTBu9PhOi9j/jfmBPu0mMEY4wIdAF8A=="],

    "safer-buffer": ["safer-buffer@2.1.2", "", {}, ""],

    "signal-exit": ["signal-exit@4.1.0", "", {}, ""],

    "string-width": ["string-width@4.2.3", "", { "dependencies": { "emoji-regex": "^8.0.0", "is-fullwidth-code-point": "^3.0.0", "strip-ansi": "^6.0.1" } }, ""],

    "strip-ansi": ["strip-ansi@6.0.1", "", { "dependencies": { "ansi-regex": "^5.0.1" } }, ""],

    "typescript": ["typescript@5.9.3", "", { "bin": { "tsc": "bin/tsc", "tsserver": "bin/tsserver" } }, ""],

    "undici-types": ["undici-types@7.16.0", "", {}, ""],

    "util": ["util@0.10.4", "", { "dependencies": { "inherits": "2.0.3" } }, "sha512-0Pm9hTQ3se5ll1XihRic3FDIku70C+iHUdT/W926rSgHV5QgXsYbKZN8MSC3tJtSkhuROzvsQjAaFENRXr+19A=="],

    "wrap-ansi": ["wrap-ansi@6.2.0", "", { "dependencies": { "ansi-styles": "^4.0.0", "string-width": "^4.1.0", "strip-ansi": "^6.0.0" } }, ""],

    "yoctocolors-cjs": ["yoctocolors-cjs@2.1.3", "", {}, ""],

    "zeromq": ["zeromq@6.5.0", "", { "dependencies": { "cmake-ts": "1.0.2", "node-addon-api": "^8.3.1" } }, ""],

    "zod": ["zod@4.1.12", "", {}, ""],
  }
}
